
Microsoft Visual Studio Solution File, Format Version 12.00
# Visual Studio Version 17
VisualStudioVersion = 17.14.36518.9 d17.14
MinimumVisualStudioVersion = 10.0.40219.1
Project("{E24C65DC-7377-472B-9ABA-BC803B73C61A}") = "web2", "http://localhost:64173", "{C1BEB0C0-271E-DAF0-E9F9-952D88C38B75}"
	ProjectSection(WebsiteProperties) = preProject
		UseIISExpress = "true"
		TargetFrameworkMoniker = ".NETFramework,Version%3Dv4.8"
		Debug.AspNetCompiler.VirtualPath = "/localhost_64173"
		Debug.AspNetCompiler.PhysicalPath = "C:\Users\hoanb\OneDrive\Documents\My Web Sites\web2\"
		Debug.AspNetCompiler.TargetPath = "PrecompiledWeb\localhost_64173\"
		Debug.AspNetCompiler.Updateable = "true"
		Debug.AspNetCompiler.ForceOverwrite = "true"
		Debug.AspNetCompiler.FixedNames = "false"
		Debug.AspNetCompiler.Debug = "True"
		Release.AspNetCompiler.VirtualPath = "/localhost_64173"
		Release.AspNetCompiler.PhysicalPath = "C:\Users\hoanb\OneDrive\Documents\My Web Sites\web2\"
		Release.AspNetCompiler.TargetPath = "PrecompiledWeb\localhost_64173\"
		Release.AspNetCompiler.Updateable = "true"
		Release.AspNetCompiler.ForceOverwrite = "true"
		Release.AspNetCompiler.FixedNames = "false"
		Release.AspNetCompiler.Debug = "False"
		SlnRelativePath = "C:\Users\hoanb\OneDrive\Documents\My Web Sites\web2\"
	EndProjectSection
EndProject
Global
	GlobalSection(SolutionConfigurationPlatforms) = preSolution
		Debug|Any CPU = Debug|Any CPU
	EndGlobalSection
	GlobalSection(ProjectConfigurationPlatforms) = postSolution
		{C1BEB0C0-271E-DAF0-E9F9-952D88C38B75}.Debug|Any CPU.ActiveCfg = Debug|Any CPU
		{C1BEB0C0-271E-DAF0-E9F9-952D88C38B75}.Debug|Any CPU.Build.0 = Debug|Any CPU
	EndGlobalSection
	GlobalSection(SolutionProperties) = preSolution
		HideSolutionNode = FALSE
	EndGlobalSection
	GlobalSection(ExtensibilityGlobals) = postSolution
		SolutionGuid = {1C51EF05-84AC-4312-839A-A876432BEBD6}
	EndGlobalSection
EndGlobal
